
Microsoft Visual Studio Solution File, Format Version 12.00
# Visual Studio Version 16
VisualStudioVersion = 16.0.31205.134
MinimumVisualStudioVersion = 10.0.40219.1
Project("{FAE04EC0-301F-11D3-BF4B-00C04F79EFBC}") = "EjemploLUIS", "EjemploLUIS\EjemploLUIS.csproj", "{A244D877-96E9-4937-AC6C-854AD095025A}"
EndProject
Global
	GlobalSection(SolutionConfigurationPlatforms) = preSolution
		Debug|Any CPU = Debug|Any CPU
		Release|Any CPU = Release|Any CPU
	EndGlobalSection
	GlobalSection(ProjectConfigurationPlatforms) = postSolution
		{A244D877-96E9-4937-AC6C-854AD095025A}.Debug|Any CPU.ActiveCfg = Debug|Any CPU
		{A244D877-96E9-4937-AC6C-854AD095025A}.Debug|Any CPU.Build.0 = Debug|Any CPU
		{A244D877-96E9-4937-AC6C-854AD095025A}.Release|Any CPU.ActiveCfg = Release|Any CPU
		{A244D877-96E9-4937-AC6C-854AD095025A}.Release|Any CPU.Build.0 = Release|Any CPU
	EndGlobalSection
	GlobalSection(SolutionProperties) = preSolution
		HideSolutionNode = FALSE
	EndGlobalSection
	GlobalSection(ExtensibilityGlobals) = postSolution
		SolutionGuid = {FD513D9C-49B4-4FDB-B47B-CBEE14DB6BB1}
	EndGlobalSection
EndGlobal
